
Microsoft Visual Studio Solution File, Format Version 12.00
# Visual Studio Version 16
VisualStudioVersion = 16.0.31911.196
MinimumVisualStudioVersion = 10.0.40219.1
Project("{FAE04EC0-301F-11D3-BF4B-00C04F79EFBC}") = "EndRow", "EndRow\EndRow.csproj", "{890DB669-F3A7-478F-8C44-8D41E460CB51}"
EndProject
Global
	GlobalSection(SolutionConfigurationPlatforms) = preSolution
		Debug|Any CPU = Debug|Any CPU
		Release|Any CPU = Release|Any CPU
	EndGlobalSection
	GlobalSection(ProjectConfigurationPlatforms) = postSolution
		{890DB669-F3A7-478F-8C44-8D41E460CB51}.Debug|Any CPU.ActiveCfg = Debug|Any CPU
		{890DB669-F3A7-478F-8C44-8D41E460CB51}.Debug|Any CPU.Build.0 = Debug|Any CPU
		{890DB669-F3A7-478F-8C44-8D41E460CB51}.Release|Any CPU.ActiveCfg = Release|Any CPU
		{890DB669-F3A7-478F-8C44-8D41E460CB51}.Release|Any CPU.Build.0 = Release|Any CPU
	EndGlobalSection
	GlobalSection(SolutionProperties) = preSolution
		HideSolutionNode = FALSE
	EndGlobalSection
	GlobalSection(ExtensibilityGlobals) = postSolution
		SolutionGuid = {95EA810A-4FC7-4636-AB6F-7EB641158A0B}
	EndGlobalSection
EndGlobal
